
Microsoft Visual Studio Solution File, Format Version 12.00
# Visual Studio 15
VisualStudioVersion = 15.0.28307.960
MinimumVisualStudioVersion = 10.0.40219.1
Project("{FAE04EC0-301F-11D3-BF4B-00C04F79EFBC}") = "1 - Seção 8 - Criar Repositorio Git", "1 - Seção 8 - Criar Repositorio Git\1 - Seção 8 - Criar Repositorio Git.csproj", "{C32BC192-8025-4D7A-B349-CF2103885E71}"
EndProject
Global
	GlobalSection(SolutionConfigurationPlatforms) = preSolution
		Debug|Any CPU = Debug|Any CPU
		Release|Any CPU = Release|Any CPU
	EndGlobalSection
	GlobalSection(ProjectConfigurationPlatforms) = postSolution
		{C32BC192-8025-4D7A-B349-CF2103885E71}.Debug|Any CPU.ActiveCfg = Debug|Any CPU
		{C32BC192-8025-4D7A-B349-CF2103885E71}.Debug|Any CPU.Build.0 = Debug|Any CPU
		{C32BC192-8025-4D7A-B349-CF2103885E71}.Release|Any CPU.ActiveCfg = Release|Any CPU
		{C32BC192-8025-4D7A-B349-CF2103885E71}.Release|Any CPU.Build.0 = Release|Any CPU
	EndGlobalSection
	GlobalSection(SolutionProperties) = preSolution
		HideSolutionNode = FALSE
	EndGlobalSection
	GlobalSection(ExtensibilityGlobals) = postSolution
		SolutionGuid = {7D2AF7A3-9A4C-49B8-BF2A-B654474C92FB}
	EndGlobalSection
EndGlobal
